
Microsoft Visual Studio Solution File, Format Version 12.00
# Visual Studio Version 17
VisualStudioVersion = 17.4.33213.308
MinimumVisualStudioVersion = 10.0.40219.1
Project("{11A8DD76-328B-46DF-9F39-F559912D0360}") = "nf-ssl", "nf-ssl\nf-ssl.nfproj", "{1FFEF0D3-9ABE-41C5-8F80-F2D7D6A7A89E}"
EndProject
Global
	GlobalSection(SolutionConfigurationPlatforms) = preSolution
		Debug|Any CPU = Debug|Any CPU
		Release|Any CPU = Release|Any CPU
	EndGlobalSection
	GlobalSection(ProjectConfigurationPlatforms) = postSolution
		{1FFEF0D3-9ABE-41C5-8F80-F2D7D6A7A89E}.Debug|Any CPU.ActiveCfg = Debug|Any CPU
		{1FFEF0D3-9ABE-41C5-8F80-F2D7D6A7A89E}.Debug|Any CPU.Build.0 = Debug|Any CPU
		{1FFEF0D3-9ABE-41C5-8F80-F2D7D6A7A89E}.Debug|Any CPU.Deploy.0 = Debug|Any CPU
		{1FFEF0D3-9ABE-41C5-8F80-F2D7D6A7A89E}.Release|Any CPU.ActiveCfg = Release|Any CPU
		{1FFEF0D3-9ABE-41C5-8F80-F2D7D6A7A89E}.Release|Any CPU.Build.0 = Release|Any CPU
		{1FFEF0D3-9ABE-41C5-8F80-F2D7D6A7A89E}.Release|Any CPU.Deploy.0 = Release|Any CPU
	EndGlobalSection
	GlobalSection(SolutionProperties) = preSolution
		HideSolutionNode = FALSE
	EndGlobalSection
	GlobalSection(ExtensibilityGlobals) = postSolution
		SolutionGuid = {CAEE2E59-98E1-4785-90F5-44C15B1BD304}
	EndGlobalSection
EndGlobal
